// !$*UTF8*$!
{
	archiveVersion = 1;
	classes = {
	};
	objectVersion = 46;
	objects = {

/* Begin PBXBuildFile section */
		E270AE7E1F8809A70062B0F9 /* main.c in Sources */ = {isa = PBXBuildFile; fileRef = E270AE7D1F8809A70062B0F9 /* main.c */; };
		E270AE871F880B560062B0F9 /* rotor.c in Sources */ = {isa = PBXBuildFile; fileRef = E270AE861F880B560062B0F9 /* rotor.c */; };
		E270AE8B1F88112D0062B0F9 /* rotors.c in Sources */ = {isa = PBXBuildFile; fileRef = E270AE891F88112D0062B0F9 /* rotors.c */; };
/* End PBXBuildFile section */

/* Begin PBXCopyFilesBuildPhase section */
		E270AE781F8809A60062B0F9 /* CopyFiles */ = {
			isa = PBXCopyFilesBuildPhase;
			buildActionMask = 2147483647;
			dstPath = /usr/share/man/man1/;
			dstSubfolderSpec = 0;
			files = (
			);
			runOnlyForDeploymentPostprocessing = 1;
		};
/* End PBXCopyFilesBuildPhase section */

/* Begin PBXFileReference section */
		E270AE7A1F8809A70062B0F9 /* EnigmaC */ = {isa = PBXFileReference; explicitFileType = "compiled.mach-o.executable"; includeInIndex = 0; path = EnigmaC; sourceTree = BUILT_PRODUCTS_DIR; };
		E270AE7D1F8809A70062B0F9 /* main.c */ = {isa = PBXFileReference; lastKnownFileType = sourcecode.c.c; path = main.c; sourceTree = "<group>"; };
		E270AE851F8809FD0062B0F9 /* rotor.h */ = {isa = PBXFileReference; lastKnownFileType = sourcecode.c.h; path = rotor.h; sourceTree = "<group>"; };
		E270AE861F880B560062B0F9 /* rotor.c */ = {isa = PBXFileReference; fileEncoding = 4; lastKnownFileType = sourcecode.c.c; path = rotor.c; sourceTree = "<group>"; };
		E270AE891F88112D0062B0F9 /* rotors.c */ = {isa = PBXFileReference; fileEncoding = 4; lastKnownFileType = sourcecode.c.c; path = rotors.c; sourceTree = "<group>"; };
		E270AE8A1F88112D0062B0F9 /* rotors.h */ = {isa = PBXFileReference; fileEncoding = 4; lastKnownFileType = sourcecode.c.h; path = rotors.h; sourceTree = "<group>"; };
/* End PBXFileReference section */

/* Begin PBXFrameworksBuildPhase section */
		E270AE771F8809A60062B0F9 /* Frameworks */ = {
			isa = PBXFrameworksBuildPhase;
			buildActionMask = 2147483647;
			files = (
			);
			runOnlyForDeploymentPostprocessing = 0;
		};
/* End PBXFrameworksBuildPhase section */

/* Begin PBXGroup section */
		E270AE711F8809A60062B0F9 = {
			isa = PBXGroup;
			children = (
				E270AE7C1F8809A70062B0F9 /* EnigmaC */,
				E270AE7B1F8809A70062B0F9 /* Products */,
			);
			sourceTree = "<group>";
		};
		E270AE7B1F8809A70062B0F9 /* Products */ = {
			isa = PBXGroup;
			children = (
				E270AE7A1F8809A70062B0F9 /* EnigmaC */,
			);
			name = Products;
			sourceTree = "<group>";
		};
		E270AE7C1F8809A70062B0F9 /* EnigmaC */ = {
			isa = PBXGroup;
			children = (
				E270AE841F8809D00062B0F9 /* rotor */,
				E270AE7D1F8809A70062B0F9 /* main.c */,
			);
			path = EnigmaC;
			sourceTree = "<group>";
		};
		E270AE841F8809D00062B0F9 /* rotor */ = {
			isa = PBXGroup;
			children = (
				E270AE851F8809FD0062B0F9 /* rotor.h */,
				E270AE861F880B560062B0F9 /* rotor.c */,
				E270AE891F88112D0062B0F9 /* rotors.c */,
				E270AE8A1F88112D0062B0F9 /* rotors.h */,
			);
			name = rotor;
			sourceTree = "<group>";
		};
/* End PBXGroup section */

/* Begin PBXNativeTarget section */
		E270AE791F8809A60062B0F9 /* EnigmaC */ = {
			isa = PBXNativeTarget;
			buildConfigurationList = E270AE811F8809A70062B0F9 /* Build configuration list for PBXNativeTarget "EnigmaC" */;
			buildPhases = (
				E270AE761F8809A60062B0F9 /* Sources */,
				E270AE771F8809A60062B0F9 /* Frameworks */,
				E270AE781F8809A60062B0F9 /* CopyFiles */,
			);
			buildRules = (
			);
			dependencies = (
			);
			name = EnigmaC;
			productName = EnigmaC;
			productReference = E270AE7A1F8809A70062B0F9 /* EnigmaC */;
			productType = "com.apple.product-type.tool";
		};
/* End PBXNativeTarget section */

/* Begin PBXProject section */
		E270AE721F8809A60062B0F9 /* Project object */ = {
			isa = PBXProject;
			attributes = {
				LastUpgradeCheck = 0820;
				ORGANIZATIONNAME = Thomas;
				TargetAttributes = {
					E270AE791F8809A60062B0F9 = {
						CreatedOnToolsVersion = 8.2.1;
						ProvisioningStyle = Automatic;
					};
				};
			};
			buildConfigurationList = E270AE751F8809A60062B0F9 /* Build configuration list for PBXProject "EnigmaC" */;
			compatibilityVersion = "Xcode 3.2";
			developmentRegion = English;
			hasScannedForEncodings = 0;
			knownRegions = (
				en,
			);
			mainGroup = E270AE711F8809A60062B0F9;
			productRefGroup = E270AE7B1F8809A70062B0F9 /* Products */;
			projectDirPath = "";
			projectRoot = "";
			targets = (
				E270AE791F8809A60062B0F9 /* EnigmaC */,
			);
		};
/* End PBXProject section */

/* Begin PBXSourcesBuildPhase section */
		E270AE761F8809A60062B0F9 /* Sources */ = {
			isa = PBXSourcesBuildPhase;
			buildActionMask = 2147483647;
			files = (
				E270AE871F880B560062B0F9 /* rotor.c in Sources */,
				E270AE8B1F88112D0062B0F9 /* rotors.c in Sources */,
				E270AE7E1F8809A70062B0F9 /* main.c in Sources */,
			);
			runOnlyForDeploymentPostprocessing = 0;
		};
/* End PBXSourcesBuildPhase section */

/* Begin XCBuildConfiguration section */
		E270AE7F1F8809A70062B0F9 /* Debug */ = {
			isa = XCBuildConfiguration;
			buildSettings = {
				ALWAYS_SEARCH_USER_PATHS = NO;
				CLANG_ANALYZER_NONNULL = YES;
				CLANG_CXX_LANGUAGE_STANDARD = "gnu++0x";
				CLANG_CXX_LIBRARY = "libc++";
				CLANG_ENABLE_MODULES = YES;
				CLANG_ENABLE_OBJC_ARC = YES;
				CLANG_WARN_BOOL_CONVERSION = YES;
				CLANG_WARN_CONSTANT_CONVERSION = YES;
				CLANG_WARN_DIRECT_OBJC_ISA_USAGE = YES_ERROR;
				CLANG_WARN_DOCUMENTATION_COMMENTS = YES;
				CLANG_WARN_EMPTY_BODY = YES;
				CLANG_WARN_ENUM_CONVERSION = YES;
				CLANG_WARN_INFINITE_RECURSION = YES;
				CLANG_WARN_INT_CONVERSION = YES;
				CLANG_WARN_OBJC_ROOT_CLASS = YES_ERROR;
				CLANG_WARN_SUSPICIOUS_MOVE = YES;
				CLANG_WARN_UNREACHABLE_CODE = YES;
				CLANG_WARN__DUPLICATE_METHOD_MATCH = YES;
				CODE_SIGN_IDENTITY = "-";
				COPY_PHASE_STRIP = NO;
				DEBUG_INFORMATION_FORMAT = dwarf;
				ENABLE_STRICT_OBJC_MSGSEND = YES;
				ENABLE_TESTABILITY = YES;
				GCC_C_LANGUAGE_STANDARD = gnu99;
				GCC_DYNAMIC_NO_PIC = NO;
				GCC_NO_COMMON_BLOCKS = YES;
				GCC_OPTIMIZATION_LEVEL = 0;
				GCC_PREPROCESSOR_DEFINITIONS = (
					"DEBUG=1",
					"$(inherited)",
				);
				GCC_WARN_64_TO_32_BIT_CONVERSION = YES;
				GCC_WARN_ABOUT_RETURN_TYPE = YES_ERROR;
				GCC_WARN_UNDECLARED_SELECTOR = YES;
				GCC_WARN_UNINITIALIZED_AUTOS = YES_AGGRESSIVE;
				GCC_WARN_UNUSED_FUNCTION = YES;
				GCC_WARN_UNUSED_VARIABLE = YES;
				MACOSX_DEPLOYMENT_TARGET = 10.12;
				MTL_ENABLE_DEBUG_INFO = YES;
				ONLY_ACTIVE_ARCH = YES;
				SDKROOT = macosx;
			};
			name = Debug;
		};
		E270AE801F8809A70062B0F9 /* Release */ = {
			isa = XCBuildConfiguration;
			buildSettings = {
				ALWAYS_SEARCH_USER_PATHS = NO;
				CLANG_ANALYZER_NONNULL = YES;
				CLANG_CXX_LANGUAGE_STANDARD = "gnu++0x";
				CLANG_CXX_LIBRARY = "libc++";
				CLANG_ENABLE_MODULES = YES;
				CLANG_ENABLE_OBJC_ARC = YES;
				CLANG_WARN_BOOL_CONVERSION = YES;
				CLANG_WARN_CONSTANT_CONVERSION = YES;
				CLANG_WARN_DIRECT_OBJC_ISA_USAGE = YES_ERROR;
				CLANG_WARN_DOCUMENTATION_COMMENTS = YES;
				CLANG_WARN_EMPTY_BODY = YES;
				CLANG_WARN_ENUM_CONVERSION = YES;
				CLANG_WARN_INFINITE_RECURSION = YES;
				CLANG_WARN_INT_CONVERSION = YES;
				CLANG_WARN_OBJC_ROOT_CLASS = YES_ERROR;
				CLANG_WARN_SUSPICIOUS_MOVE = YES;
				CLANG_WARN_UNREACHABLE_CODE = YES;
				CLANG_WARN__DUPLICATE_METHOD_MATCH = YES;
				CODE_SIGN_IDENTITY = "-";
				COPY_PHASE_STRIP = NO;
				DEBUG_INFORMATION_FORMAT = "dwarf-with-dsym";
				ENABLE_NS_ASSERTIONS = NO;
				ENABLE_STRICT_OBJC_MSGSEND = YES;
				GCC_C_LANGUAGE_STANDARD = gnu99;
				GCC_NO_COMMON_BLOCKS = YES;
				GCC_WARN_64_TO_32_BIT_CONVERSION = YES;
				GCC_WARN_ABOUT_RETURN_TYPE = YES_ERROR;
				GCC_WARN_UNDECLARED_SELECTOR = YES;
				GCC_WARN_UNINITIALIZED_AUTOS = YES_AGGRESSIVE;
				GCC_WARN_UNUSED_FUNCTION = YES;
				GCC_WARN_UNUSED_VARIABLE = YES;
				MACOSX_DEPLOYMENT_TARGET = 10.12;
				MTL_ENABLE_DEBUG_INFO = NO;
				SDKROOT = macosx;
			};
			name = Release;
		};
		E270AE821F8809A70062B0F9 /* Debug */ = {
			isa = XCBuildConfiguration;
			buildSettings = {
				PRODUCT_NAME = "$(TARGET_NAME)";
			};
			name = Debug;
		};
		E270AE831F8809A70062B0F9 /* Release */ = {
			isa = XCBuildConfiguration;
			buildSettings = {
				PRODUCT_NAME = "$(TARGET_NAME)";
			};
			name = Release;
		};
/* End XCBuildConfiguration section */

/* Begin XCConfigurationList section */
		E270AE751F8809A60062B0F9 /* Build configuration list for PBXProject "EnigmaC" */ = {
			isa = XCConfigurationList;
			buildConfigurations = (
				E270AE7F1F8809A70062B0F9 /* Debug */,
				E270AE801F8809A70062B0F9 /* Release */,
			);
			defaultConfigurationIsVisible = 0;
			defaultConfigurationName = Release;
		};
		E270AE811F8809A70062B0F9 /* Build configuration list for PBXNativeTarget "EnigmaC" */ = {
			isa = XCConfigurationList;
			buildConfigurations = (
				E270AE821F8809A70062B0F9 /* Debug */,
				E270AE831F8809A70062B0F9 /* Release */,
			);
			defaultConfigurationIsVisible = 0;
		};
/* End XCConfigurationList section */
	};
	rootObject = E270AE721F8809A60062B0F9 /* Project object */;
}
